
Microsoft Visual Studio Solution File, Format Version 12.00
# Visual Studio 15
VisualStudioVersion = 15.0.26430.15
MinimumVisualStudioVersion = 10.0.40219.1
Project("{FAE04EC0-301F-11D3-BF4B-00C04F79EFBC}") = "ReadDocsTXT", "ReadDocsTXT\ReadDocsTXT.csproj", "{EA32E4AA-8D62-49A0-AAB7-897007545087}"
EndProject
Global
	GlobalSection(SolutionConfigurationPlatforms) = preSolution
		Debug|Any CPU = Debug|Any CPU
		Release|Any CPU = Release|Any CPU
	EndGlobalSection
	GlobalSection(ProjectConfigurationPlatforms) = postSolution
		{EA32E4AA-8D62-49A0-AAB7-897007545087}.Debug|Any CPU.ActiveCfg = Debug|Any CPU
		{EA32E4AA-8D62-49A0-AAB7-897007545087}.Debug|Any CPU.Build.0 = Debug|Any CPU
		{EA32E4AA-8D62-49A0-AAB7-897007545087}.Release|Any CPU.ActiveCfg = Release|Any CPU
		{EA32E4AA-8D62-49A0-AAB7-897007545087}.Release|Any CPU.Build.0 = Release|Any CPU
	EndGlobalSection
	GlobalSection(SolutionProperties) = preSolution
		HideSolutionNode = FALSE
	EndGlobalSection
EndGlobal
